{
	"name": "pyforest",
	"version": "0.0.1",
	"lockfileVersion": 1,
	"requires": true,
	"dependencies": {
		"@jupyter-widgets/base": {
			"version": "2.0.1",
			"resolved": "https://registry.npmjs.org/@jupyter-widgets/base/-/base-2.0.1.tgz",
			"integrity": "sha512-jRNeQzvEf6MMGUaEPfBzgZ+IT4XOInpw8Ef+CunNUmUCiQZ8WfNpFR671S0Vu3xO6yGKMTU2QPdk8/aCsJRw9w==",
			"requires": {
				"@jupyterlab/services": "4.1.0",
				"@phosphor/coreutils": "1.3.1",
				"@phosphor/messaging": "1.3.0",
				"@phosphor/widgets": "1.9.0",
				"@types/backbone": "1.4.1",
				"@types/lodash": "4.14.138",
				"backbone": "1.2.3",
				"base64-js": "1.3.1",
				"jquery": "3.4.1",
				"lodash": "4.17.15"
			}
		},
		"@jupyterlab/coreutils": {
			"version": "3.1.0",
			"resolved": "https://registry.npmjs.org/@jupyterlab/coreutils/-/coreutils-3.1.0.tgz",
			"integrity": "sha512-ZqgzDUyanyvc86gtCrIbc1M6iniKHYmWNWHvWOcnq3KIP3wk3grchsTYPTfQDxcUS6F04baPGp/KohEU2ml40Q==",
			"requires": {
				"@phosphor/commands": "1.7.0",
				"@phosphor/coreutils": "1.3.1",
				"@phosphor/disposable": "1.3.0",
				"@phosphor/properties": "1.1.3",
				"@phosphor/signaling": "1.3.0",
				"ajv": "6.10.2",
				"json5": "2.1.0",
				"minimist": "1.2.0",
				"moment": "2.24.0",
				"path-posix": "1.0.0",
				"url-parse": "1.4.7"
			}
		},
		"@jupyterlab/observables": {
			"version": "2.3.0",
			"resolved": "https://registry.npmjs.org/@jupyterlab/observables/-/observables-2.3.0.tgz",
			"integrity": "sha512-I3Cmu0qUU3Emzai0MRBmiSHd1c42DtOuDYAru0/cvlI8xQKzin7t/EF9TahxSEBEDDNU4RRjADUYG9T3WefYtA==",
			"requires": {
				"@phosphor/algorithm": "1.2.0",
				"@phosphor/coreutils": "1.3.1",
				"@phosphor/disposable": "1.3.0",
				"@phosphor/messaging": "1.3.0",
				"@phosphor/signaling": "1.3.0"
			}
		},
		"@jupyterlab/services": {
			"version": "4.1.0",
			"resolved": "https://registry.npmjs.org/@jupyterlab/services/-/services-4.1.0.tgz",
			"integrity": "sha512-5C53UdpLP5rLLpN8zEfzole5PNakNWSDCitd4ysqZiWihV4lpNNXKmqn5seHrcvevUkrDM9pyNcg00djGkpbvw==",
			"requires": {
				"@jupyterlab/coreutils": "3.1.0",
				"@jupyterlab/observables": "2.3.0",
				"@phosphor/algorithm": "1.2.0",
				"@phosphor/coreutils": "1.3.1",
				"@phosphor/disposable": "1.3.0",
				"@phosphor/signaling": "1.3.0",
				"node-fetch": "2.6.0",
				"ws": "7.1.2"
			}
		},
		"@phosphor/algorithm": {
			"version": "1.2.0",
			"resolved": "https://registry.npmjs.org/@phosphor/algorithm/-/algorithm-1.2.0.tgz",
			"integrity": "sha512-C9+dnjXyU2QAkWCW6QVDGExk4hhwxzAKf5/FIuYlHAI9X5vFv99PYm0EREDxX1PbMuvfFBZhPNu0PvuSDQ7sFA=="
		},
		"@phosphor/collections": {
			"version": "1.2.0",
			"resolved": "https://registry.npmjs.org/@phosphor/collections/-/collections-1.2.0.tgz",
			"integrity": "sha512-T9/0EjSuY6+ga2LIFRZ0xupciOR3Qnyy8Q95lhGTC0FXZUFwC8fl9e8On6IcwasCszS+1n8dtZUWSIynfgdpzw==",
			"requires": {
				"@phosphor/algorithm": "1.2.0"
			}
		},
		"@phosphor/commands": {
			"version": "1.7.0",
			"resolved": "https://registry.npmjs.org/@phosphor/commands/-/commands-1.7.0.tgz",
			"integrity": "sha512-2tkij4fiU0WcnUiY0H0kX9mQhdJms5X6s+X9Uzx5P+KJZm0B83VIC1OEb1YYDYh8ar+LMr0dBnM5ljvZbptUXw==",
			"requires": {
				"@phosphor/algorithm": "1.2.0",
				"@phosphor/coreutils": "1.3.1",
				"@phosphor/disposable": "1.3.0",
				"@phosphor/domutils": "1.1.3",
				"@phosphor/keyboard": "1.1.3",
				"@phosphor/signaling": "1.3.0"
			}
		},
		"@phosphor/coreutils": {
			"version": "1.3.1",
			"resolved": "https://registry.npmjs.org/@phosphor/coreutils/-/coreutils-1.3.1.tgz",
			"integrity": "sha512-9OHCn8LYRcPU/sbHm5v7viCA16Uev3gbdkwqoQqlV+EiauDHl70jmeL7XVDXdigl66Dz0LI11C99XOxp+s3zOA=="
		},
		"@phosphor/disposable": {
			"version": "1.3.0",
			"resolved": "https://registry.npmjs.org/@phosphor/disposable/-/disposable-1.3.0.tgz",
			"integrity": "sha512-wHQov7HoS20mU6yuEz5ZMPhfxHdcxGovjPoid0QwccUEOm33UBkWlxaJGm9ONycezIX8je7ZuPOf/gf7JI6Dlg==",
			"requires": {
				"@phosphor/algorithm": "1.2.0",
				"@phosphor/signaling": "1.3.0"
			}
		},
		"@phosphor/domutils": {
			"version": "1.1.3",
			"resolved": "https://registry.npmjs.org/@phosphor/domutils/-/domutils-1.1.3.tgz",
			"integrity": "sha512-5CtLAhURQXXHhNXfQydDk/luG1cDVnhlu/qw7gz8/9pht0KXIAmNg/M0LKxx2oJ9+YMNCLVWxAnHAU0yrDpWSA=="
		},
		"@phosphor/dragdrop": {
			"version": "1.4.0",
			"resolved": "https://registry.npmjs.org/@phosphor/dragdrop/-/dragdrop-1.4.0.tgz",
			"integrity": "sha512-JqmDAKczviUe7NEkiDf/A6H2glgVmHAREip8dGBli4lvV+CQqPFyl4Xm7XCnR9qiEqNrP+0SfwPpywNa0me3nQ==",
			"requires": {
				"@phosphor/coreutils": "1.3.1",
				"@phosphor/disposable": "1.3.0"
			}
		},
		"@phosphor/keyboard": {
			"version": "1.1.3",
			"resolved": "https://registry.npmjs.org/@phosphor/keyboard/-/keyboard-1.1.3.tgz",
			"integrity": "sha512-dzxC/PyHiD6mXaESRy6PZTd9JeK+diwG1pyngkyUf127IXOEzubTIbu52VSdpGBklszu33ws05BAGDa4oBE4mQ=="
		},
		"@phosphor/messaging": {
			"version": "1.3.0",
			"resolved": "https://registry.npmjs.org/@phosphor/messaging/-/messaging-1.3.0.tgz",
			"integrity": "sha512-k0JE+BTMKlkM335S2AmmJxoYYNRwOdW5jKBqLgjJdGRvUQkM0+2i60ahM45+J23atGJDv9esKUUBINiKHFhLew==",
			"requires": {
				"@phosphor/algorithm": "1.2.0",
				"@phosphor/collections": "1.2.0"
			}
		},
		"@phosphor/properties": {
			"version": "1.1.3",
			"resolved": "https://registry.npmjs.org/@phosphor/properties/-/properties-1.1.3.tgz",
			"integrity": "sha512-GiglqzU77s6+tFVt6zPq9uuyu/PLQPFcqZt914ZhJ4cN/7yNI/SLyMzpYZ56IRMXvzK9TUgbRna6URE3XAwFUg=="
		},
		"@phosphor/signaling": {
			"version": "1.3.0",
			"resolved": "https://registry.npmjs.org/@phosphor/signaling/-/signaling-1.3.0.tgz",
			"integrity": "sha512-ZbG2Mof4LGSkaEuDicqA2o2TKu3i5zanjr2GkevI/82aKBD7cI1NGLGT55HZwtE87/gOF4FIM3d3DeyrFDMjMQ==",
			"requires": {
				"@phosphor/algorithm": "1.2.0"
			}
		},
		"@phosphor/virtualdom": {
			"version": "1.2.0",
			"resolved": "https://registry.npmjs.org/@phosphor/virtualdom/-/virtualdom-1.2.0.tgz",
			"integrity": "sha512-L9mKNhK2XtVjzjuHLG2uYuepSz8uPyu6vhF4EgCP0rt0TiLYaZeHwuNu3XeFbul9DMOn49eBpye/tfQVd4Ks+w==",
			"requires": {
				"@phosphor/algorithm": "1.2.0"
			}
		},
		"@phosphor/widgets": {
			"version": "1.9.0",
			"resolved": "https://registry.npmjs.org/@phosphor/widgets/-/widgets-1.9.0.tgz",
			"integrity": "sha512-Op6H0lI7MlHAs+htzy+6fL+x3TxG0N024RGsdIYkaNKyeSw6b7ZUXcd7mKCeabWPoTwiMCx3kiLTvExmNSYgwA==",
			"requires": {
				"@phosphor/algorithm": "1.2.0",
				"@phosphor/commands": "1.7.0",
				"@phosphor/coreutils": "1.3.1",
				"@phosphor/disposable": "1.3.0",
				"@phosphor/domutils": "1.1.3",
				"@phosphor/dragdrop": "1.4.0",
				"@phosphor/keyboard": "1.1.3",
				"@phosphor/messaging": "1.3.0",
				"@phosphor/properties": "1.1.3",
				"@phosphor/signaling": "1.3.0",
				"@phosphor/virtualdom": "1.2.0"
			}
		},
		"@types/backbone": {
			"version": "1.4.1",
			"resolved": "https://registry.npmjs.org/@types/backbone/-/backbone-1.4.1.tgz",
			"integrity": "sha512-KYfGuQy4d2vvYXbn0uHFZ6brFLndatTMomxBlljpbWf4kFpA3BG/6LA3ec+J9iredrX6eAVI7sm9SVAvwiIM6g==",
			"requires": {
				"@types/jquery": "3.3.31",
				"@types/underscore": "1.9.2"
			}
		},
		"@types/jquery": {
			"version": "3.3.31",
			"resolved": "https://registry.npmjs.org/@types/jquery/-/jquery-3.3.31.tgz",
			"integrity": "sha512-Lz4BAJihoFw5nRzKvg4nawXPzutkv7wmfQ5121avptaSIXlDNJCUuxZxX/G+9EVidZGuO0UBlk+YjKbwRKJigg==",
			"requires": {
				"@types/sizzle": "2.3.2"
			}
		},
		"@types/lodash": {
			"version": "4.14.138",
			"resolved": "https://registry.npmjs.org/@types/lodash/-/lodash-4.14.138.tgz",
			"integrity": "sha512-A4uJgHz4hakwNBdHNPdxOTkYmXNgmUAKLbXZ7PKGslgeV0Mb8P3BlbYfPovExek1qnod4pDfRbxuzcVs3dlFLg=="
		},
		"@types/sizzle": {
			"version": "2.3.2",
			"resolved": "https://registry.npmjs.org/@types/sizzle/-/sizzle-2.3.2.tgz",
			"integrity": "sha512-7EJYyKTL7tFR8+gDbB6Wwz/arpGa0Mywk1TJbNzKzHtzbwVmY4HR9WqS5VV7dsBUKQmPNr192jHr/VpBluj/hg=="
		},
		"@types/underscore": {
			"version": "1.9.2",
			"resolved": "https://registry.npmjs.org/@types/underscore/-/underscore-1.9.2.tgz",
			"integrity": "sha512-KgOKTAD+9X+qvZnB5S1+onqKc4E+PZ+T6CM/NA5ohRPLHJXb+yCJMVf8pWOnvuBuKFNUAJW8N97IA6lba6mZGg=="
		},
		"ajv": {
			"version": "6.10.2",
			"resolved": "https://registry.npmjs.org/ajv/-/ajv-6.10.2.tgz",
			"integrity": "sha512-TXtUUEYHuaTEbLZWIKUr5pmBuhDLy+8KYtPYdcV8qC+pOZL+NKqYwvWSRrVXHn+ZmRRAu8vJTAznH7Oag6RVRw==",
			"requires": {
				"fast-deep-equal": "2.0.1",
				"fast-json-stable-stringify": "2.0.0",
				"json-schema-traverse": "0.4.1",
				"uri-js": "4.2.2"
			}
		},
		"async-limiter": {
			"version": "1.0.1",
			"resolved": "https://registry.npmjs.org/async-limiter/-/async-limiter-1.0.1.tgz",
			"integrity": "sha512-csOlWGAcRFJaI6m+F2WKdnMKr4HhdhFVBk0H/QbJFMCr+uO2kwohwXQPxw/9OCxp05r5ghVBFSyioixx3gfkNQ=="
		},
		"backbone": {
			"version": "1.2.3",
			"resolved": "https://registry.npmjs.org/backbone/-/backbone-1.2.3.tgz",
			"integrity": "sha1-wiz9B/yG676uYdGJKe0RXpmdZbk=",
			"requires": {
				"underscore": "1.9.1"
			}
		},
		"base64-js": {
			"version": "1.3.1",
			"resolved": "https://registry.npmjs.org/base64-js/-/base64-js-1.3.1.tgz",
			"integrity": "sha512-mLQ4i2QO1ytvGWFWmcngKO//JXAQueZvwEKtjgQFM4jIK0kU+ytMfplL8j+n5mspOfjHwoAg+9yhb7BwAHm36g=="
		},
		"fast-deep-equal": {
			"version": "2.0.1",
			"resolved": "https://registry.npmjs.org/fast-deep-equal/-/fast-deep-equal-2.0.1.tgz",
			"integrity": "sha1-ewUhjd+WZ79/Nwv3/bLLFf3Qqkk="
		},
		"fast-json-stable-stringify": {
			"version": "2.0.0",
			"resolved": "https://registry.npmjs.org/fast-json-stable-stringify/-/fast-json-stable-stringify-2.0.0.tgz",
			"integrity": "sha1-1RQsDK7msRifh9OnYREGT4bIu/I="
		},
		"jquery": {
			"version": "3.4.1",
			"resolved": "https://registry.npmjs.org/jquery/-/jquery-3.4.1.tgz",
			"integrity": "sha512-36+AdBzCL+y6qjw5Tx7HgzeGCzC81MDDgaUP8ld2zhx58HdqXGoBd+tHdrBMiyjGQs0Hxs/MLZTu/eHNJJuWPw=="
		},
		"json-schema-traverse": {
			"version": "0.4.1",
			"resolved": "https://registry.npmjs.org/json-schema-traverse/-/json-schema-traverse-0.4.1.tgz",
			"integrity": "sha512-xbbCH5dCYU5T8LcEhhuh7HJ88HXuW3qsI3Y0zOZFKfZEHcpWiHU/Jxzk629Brsab/mMiHQti9wMP+845RPe3Vg=="
		},
		"json5": {
			"version": "2.1.0",
			"resolved": "https://registry.npmjs.org/json5/-/json5-2.1.0.tgz",
			"integrity": "sha512-8Mh9h6xViijj36g7Dxi+Y4S6hNGV96vcJZr/SrlHh1LR/pEn/8j/+qIBbs44YKl69Lrfctp4QD+AdWLTMqEZAQ==",
			"requires": {
				"minimist": "1.2.0"
			}
		},
		"lodash": {
			"version": "4.17.15",
			"resolved": "https://registry.npmjs.org/lodash/-/lodash-4.17.15.tgz",
			"integrity": "sha512-8xOcRHvCjnocdS5cpwXQXVzmmh5e5+saE2QGoeQmbKmRS6J3VQppPOIt0MnmE+4xlZoumy0GPG0D0MVIQbNA1A=="
		},
		"minimist": {
			"version": "1.2.0",
			"resolved": "https://registry.npmjs.org/minimist/-/minimist-1.2.0.tgz",
			"integrity": "sha1-o1AIsg9BOD7sH7kU9M1d95omQoQ="
		},
		"moment": {
			"version": "2.24.0",
			"resolved": "https://registry.npmjs.org/moment/-/moment-2.24.0.tgz",
			"integrity": "sha512-bV7f+6l2QigeBBZSM/6yTNq4P2fNpSWj/0e7jQcy87A8e7o2nAfP/34/2ky5Vw4B9S446EtIhodAzkFCcR4dQg=="
		},
		"node-fetch": {
			"version": "2.6.0",
			"resolved": "https://registry.npmjs.org/node-fetch/-/node-fetch-2.6.0.tgz",
			"integrity": "sha512-8dG4H5ujfvFiqDmVu9fQ5bOHUC15JMjMY/Zumv26oOvvVJjM67KF8koCWIabKQ1GJIa9r2mMZscBq/TbdOcmNA=="
		},
		"path-posix": {
			"version": "1.0.0",
			"resolved": "https://registry.npmjs.org/path-posix/-/path-posix-1.0.0.tgz",
			"integrity": "sha1-BrJhE/Vr6rBCVFojv6iAA8ysJg8="
		},
		"punycode": {
			"version": "2.1.1",
			"resolved": "https://registry.npmjs.org/punycode/-/punycode-2.1.1.tgz",
			"integrity": "sha512-XRsRjdf+j5ml+y/6GKHPZbrF/8p2Yga0JPtdqTIY2Xe5ohJPD9saDJJLPvp9+NSBprVvevdXZybnj2cv8OEd0A=="
		},
		"querystringify": {
			"version": "2.1.1",
			"resolved": "https://registry.npmjs.org/querystringify/-/querystringify-2.1.1.tgz",
			"integrity": "sha512-w7fLxIRCRT7U8Qu53jQnJyPkYZIaR4n5151KMfcJlO/A9397Wxb1amJvROTK6TOnp7PfoAmg/qXiNHI+08jRfA=="
		},
		"requires-port": {
			"version": "1.0.0",
			"resolved": "https://registry.npmjs.org/requires-port/-/requires-port-1.0.0.tgz",
			"integrity": "sha1-kl0mAdOaxIXgkc8NpcbmlNw9yv8="
		},
		"underscore": {
			"version": "1.9.1",
			"resolved": "https://registry.npmjs.org/underscore/-/underscore-1.9.1.tgz",
			"integrity": "sha512-5/4etnCkd9c8gwgowi5/om/mYO5ajCaOgdzj/oW+0eQV9WxKBDZw5+ycmKmeaTXjInS/W0BzpGLo2xR2aBwZdg=="
		},
		"uri-js": {
			"version": "4.2.2",
			"resolved": "https://registry.npmjs.org/uri-js/-/uri-js-4.2.2.tgz",
			"integrity": "sha512-KY9Frmirql91X2Qgjry0Wd4Y+YTdrdZheS8TFwvkbLWf/G5KNJDCh6pKL5OZctEW4+0Baa5idK2ZQuELRwPznQ==",
			"requires": {
				"punycode": "2.1.1"
			}
		},
		"url-parse": {
			"version": "1.4.7",
			"resolved": "https://registry.npmjs.org/url-parse/-/url-parse-1.4.7.tgz",
			"integrity": "sha512-d3uaVyzDB9tQoSXFvuSUNFibTd9zxd2bkVrDRvF5TmvWWQwqE4lgYJ5m+x1DbecWkw+LK4RNl2CU1hHuOKPVlg==",
			"requires": {
				"querystringify": "2.1.1",
				"requires-port": "1.0.0"
			}
		},
		"ws": {
			"version": "7.1.2",
			"resolved": "https://registry.npmjs.org/ws/-/ws-7.1.2.tgz",
			"integrity": "sha512-gftXq3XI81cJCgkUiAVixA0raD9IVmXqsylCrjRygw4+UOOGzPoxnQ6r/CnVL9i+mDncJo94tSkyrtuuQVBmrg==",
			"requires": {
				"async-limiter": "1.0.1"
			}
		}
	}
}
